
Microsoft Visual Studio Solution File, Format Version 12.00
# Visual Studio 15
VisualStudioVersion = 15.0.28307.572
MinimumVisualStudioVersion = 10.0.40219.1
Project("{FAE04EC0-301F-11D3-BF4B-00C04F79EFBC}") = "MazeGame", "MazeGame\MazeGame.csproj", "{C4FDAFCC-6427-442A-BB48-1CF7F738ED66}"
EndProject
Global
	GlobalSection(SolutionConfigurationPlatforms) = preSolution
		Debug|Any CPU = Debug|Any CPU
		Release|Any CPU = Release|Any CPU
	EndGlobalSection
	GlobalSection(ProjectConfigurationPlatforms) = postSolution
		{C4FDAFCC-6427-442A-BB48-1CF7F738ED66}.Debug|Any CPU.ActiveCfg = Debug|Any CPU
		{C4FDAFCC-6427-442A-BB48-1CF7F738ED66}.Debug|Any CPU.Build.0 = Debug|Any CPU
		{C4FDAFCC-6427-442A-BB48-1CF7F738ED66}.Release|Any CPU.ActiveCfg = Release|Any CPU
		{C4FDAFCC-6427-442A-BB48-1CF7F738ED66}.Release|Any CPU.Build.0 = Release|Any CPU
	EndGlobalSection
	GlobalSection(SolutionProperties) = preSolution
		HideSolutionNode = FALSE
	EndGlobalSection
	GlobalSection(ExtensibilityGlobals) = postSolution
		SolutionGuid = {1421449A-3201-480F-AD33-BB0DB1FD89FB}
	EndGlobalSection
EndGlobal
